Microsoft Visual Studio Solution File, Format Version 12.00
# Visual Studio Version 17
VisualStudioVersion = 17.5.2.0
MinimumVisualStudioVersion = 10.0.40219.1
Project("{FAE04EC0-301F-11D3-BF4B-00C04F79EFBC}") = "iDataflow.Backend", "backend-csharp\iDataflow.Backend.csproj", "{1E3B4902-33B3-798C-8D6A-7650E4DBCBBA}"
EndProject
Global
	GlobalSection(SolutionConfigurationPlatforms) = preSolution
		Debug|Any CPU = Debug|Any CPU
		Release|Any CPU = Release|Any CPU
	EndGlobalSection
	GlobalSection(ProjectConfigurationPlatforms) = postSolution
		{1E3B4902-33B3-798C-8D6A-7650E4DBCBBA}.Debug|Any CPU.ActiveCfg = Debug|Any CPU
		{1E3B4902-33B3-798C-8D6A-7650E4DBCBBA}.Debug|Any CPU.Build.0 = Debug|Any CPU
		{1E3B4902-33B3-798C-8D6A-7650E4DBCBBA}.Release|Any CPU.ActiveCfg = Release|Any CPU
		{1E3B4902-33B3-798C-8D6A-7650E4DBCBBA}.Release|Any CPU.Build.0 = Release|Any CPU
	EndGlobalSection
	GlobalSection(SolutionProperties) = preSolution
		HideSolutionNode = FALSE
	EndGlobalSection
	GlobalSection(ExtensibilityGlobals) = postSolution
		SolutionGuid = {39D24A06-4350-43D4-9B86-96935EC31652}
	EndGlobalSection
EndGlobal
